// !$*UTF8*$!
{
	archiveVersion = 1;
	classes = {
	};
	objectVersion = 56;
	objects = {

/* Begin PBXBuildFile section */
		142BAE2329CF62DB00340B12 /* Practica_SwfitUI_CombineApp.swift in Sources */ = {isa = PBXBuildFile; fileRef = 142BAE2229CF62DB00340B12 /* Practica_SwfitUI_CombineApp.swift */; };
		142BAE2729CF62DD00340B12 /* Assets.xcassets in Resources */ = {isa = PBXBuildFile; fileRef = 142BAE2629CF62DD00340B12 /* Assets.xcassets */; };
		142BAE2A29CF62DD00340B12 /* Preview Assets.xcassets in Resources */ = {isa = PBXBuildFile; fileRef = 142BAE2929CF62DD00340B12 /* Preview Assets.xcassets */; };
		142BAE2C29CF62DD00340B12 /* Persistence.swift in Sources */ = {isa = PBXBuildFile; fileRef = 142BAE2B29CF62DD00340B12 /* Persistence.swift */; };
		142BAE2F29CF62DD00340B12 /* Practica_SwfitUI_Combine.xcdatamodeld in Sources */ = {isa = PBXBuildFile; fileRef = 142BAE2D29CF62DD00340B12 /* Practica_SwfitUI_Combine.xcdatamodeld */; };
		142BAE3929CF62DD00340B12 /* Practica_SwfitUI_CombineTests.swift in Sources */ = {isa = PBXBuildFile; fileRef = 142BAE3829CF62DD00340B12 /* Practica_SwfitUI_CombineTests.swift */; };
		142BAE4329CF62DD00340B12 /* Practica_SwfitUI_CombineUITests.swift in Sources */ = {isa = PBXBuildFile; fileRef = 142BAE4229CF62DD00340B12 /* Practica_SwfitUI_CombineUITests.swift */; };
		142BAE4529CF62DD00340B12 /* Practica_SwfitUI_CombineUITestsLaunchTests.swift in Sources */ = {isa = PBXBuildFile; fileRef = 142BAE4429CF62DD00340B12 /* Practica_SwfitUI_CombineUITestsLaunchTests.swift */; };
		142BAE5929CF64FB00340B12 /* LoginView.swift in Sources */ = {isa = PBXBuildFile; fileRef = 142BAE5829CF64FB00340B12 /* LoginView.swift */; };
		142BAE5C29D0374F00340B12 /* RootViewModel.swift in Sources */ = {isa = PBXBuildFile; fileRef = 142BAE5B29D0374F00340B12 /* RootViewModel.swift */; };
		142BAE5D29D0374F00340B12 /* RootViewModel.swift in Sources */ = {isa = PBXBuildFile; fileRef = 142BAE5B29D0374F00340B12 /* RootViewModel.swift */; };
		142BAE5E29D0374F00340B12 /* RootViewModel.swift in Sources */ = {isa = PBXBuildFile; fileRef = 142BAE5B29D0374F00340B12 /* RootViewModel.swift */; };
		142BAE6029D0376900340B12 /* StatusModel.swift in Sources */ = {isa = PBXBuildFile; fileRef = 142BAE5F29D0376900340B12 /* StatusModel.swift */; };
		142BAE6129D0376900340B12 /* StatusModel.swift in Sources */ = {isa = PBXBuildFile; fileRef = 142BAE5F29D0376900340B12 /* StatusModel.swift */; };
		142BAE6229D0376900340B12 /* StatusModel.swift in Sources */ = {isa = PBXBuildFile; fileRef = 142BAE5F29D0376900340B12 /* StatusModel.swift */; };
		142BAE6529D0400200340B12 /* ViewInspector in Frameworks */ = {isa = PBXBuildFile; productRef = 142BAE6429D0400200340B12 /* ViewInspector */; };
		142BAE6829D044E800340B12 /* BaseNetwork.swift in Sources */ = {isa = PBXBuildFile; fileRef = 142BAE6729D044E800340B12 /* BaseNetwork.swift */; };
		142BAE6929D044E800340B12 /* BaseNetwork.swift in Sources */ = {isa = PBXBuildFile; fileRef = 142BAE6729D044E800340B12 /* BaseNetwork.swift */; };
		142BAE6A29D044E800340B12 /* BaseNetwork.swift in Sources */ = {isa = PBXBuildFile; fileRef = 142BAE6729D044E800340B12 /* BaseNetwork.swift */; };
		142BAE6C29D04D6700340B12 /* HeroModel.swift in Sources */ = {isa = PBXBuildFile; fileRef = 142BAE6B29D04D6700340B12 /* HeroModel.swift */; };
		142BAE6D29D04D6700340B12 /* HeroModel.swift in Sources */ = {isa = PBXBuildFile; fileRef = 142BAE6B29D04D6700340B12 /* HeroModel.swift */; };
		142BAE6E29D04D6700340B12 /* HeroModel.swift in Sources */ = {isa = PBXBuildFile; fileRef = 142BAE6B29D04D6700340B12 /* HeroModel.swift */; };
		142BAE7029D0544200340B12 /* RootView.swift in Sources */ = {isa = PBXBuildFile; fileRef = 142BAE6F29D0544200340B12 /* RootView.swift */; };
		142BAE7129D0544200340B12 /* RootView.swift in Sources */ = {isa = PBXBuildFile; fileRef = 142BAE6F29D0544200340B12 /* RootView.swift */; };
		142BAE7229D0544200340B12 /* RootView.swift in Sources */ = {isa = PBXBuildFile; fileRef = 142BAE6F29D0544200340B12 /* RootView.swift */; };
		142BAE7529D056C500340B12 /* LoaderView.swift in Sources */ = {isa = PBXBuildFile; fileRef = 142BAE7429D056C500340B12 /* LoaderView.swift */; };
		142BAE7629D056C500340B12 /* LoaderView.swift in Sources */ = {isa = PBXBuildFile; fileRef = 142BAE7429D056C500340B12 /* LoaderView.swift */; };
		142BAE7729D056C500340B12 /* LoaderView.swift in Sources */ = {isa = PBXBuildFile; fileRef = 142BAE7429D056C500340B12 /* LoaderView.swift */; };
/* End PBXBuildFile section */

/* Begin PBXContainerItemProxy section */
		142BAE3529CF62DD00340B12 /* PBXContainerItemProxy */ = {
			isa = PBXContainerItemProxy;
			containerPortal = 142BAE1729CF62DB00340B12 /* Project object */;
			proxyType = 1;
			remoteGlobalIDString = 142BAE1E29CF62DB00340B12;
			remoteInfo = "Practica-SwfitUI-Combine";
		};
		142BAE3F29CF62DD00340B12 /* PBXContainerItemProxy */ = {
			isa = PBXContainerItemProxy;
			containerPortal = 142BAE1729CF62DB00340B12 /* Project object */;
			proxyType = 1;
			remoteGlobalIDString = 142BAE1E29CF62DB00340B12;
			remoteInfo = "Practica-SwfitUI-Combine";
		};
/* End PBXContainerItemProxy section */

/* Begin PBXFileReference section */
		142BAE1F29CF62DB00340B12 /* Practica-SwfitUI-Combine.app */ = {isa = PBXFileReference; explicitFileType = wrapper.application; includeInIndex = 0; path = "Practica-SwfitUI-Combine.app"; sourceTree = BUILT_PRODUCTS_DIR; };
		142BAE2229CF62DB00340B12 /* Practica_SwfitUI_CombineApp.swift */ = {isa = PBXFileReference; lastKnownFileType = sourcecode.swift; path = Practica_SwfitUI_CombineApp.swift; sourceTree = "<group>"; };
		142BAE2629CF62DD00340B12 /* Assets.xcassets */ = {isa = PBXFileReference; lastKnownFileType = folder.assetcatalog; path = Assets.xcassets; sourceTree = "<group>"; };
		142BAE2929CF62DD00340B12 /* Preview Assets.xcassets */ = {isa = PBXFileReference; lastKnownFileType = folder.assetcatalog; path = "Preview Assets.xcassets"; sourceTree = "<group>"; };
		142BAE2B29CF62DD00340B12 /* Persistence.swift */ = {isa = PBXFileReference; lastKnownFileType = sourcecode.swift; path = Persistence.swift; sourceTree = "<group>"; };
		142BAE2E29CF62DD00340B12 /* Practica_SwfitUI_Combine.xcdatamodel */ = {isa = PBXFileReference; lastKnownFileType = wrapper.xcdatamodel; path = Practica_SwfitUI_Combine.xcdatamodel; sourceTree = "<group>"; };
		142BAE3429CF62DD00340B12 /* Practica-SwfitUI-CombineTests.xctest */ = {isa = PBXFileReference; explicitFileType = wrapper.cfbundle; includeInIndex = 0; path = "Practica-SwfitUI-CombineTests.xctest"; sourceTree = BUILT_PRODUCTS_DIR; };
		142BAE3829CF62DD00340B12 /* Practica_SwfitUI_CombineTests.swift */ = {isa = PBXFileReference; lastKnownFileType = sourcecode.swift; path = Practica_SwfitUI_CombineTests.swift; sourceTree = "<group>"; };
		142BAE3E29CF62DD00340B12 /* Practica-SwfitUI-CombineUITests.xctest */ = {isa = PBXFileReference; explicitFileType = wrapper.cfbundle; includeInIndex = 0; path = "Practica-SwfitUI-CombineUITests.xctest"; sourceTree = BUILT_PRODUCTS_DIR; };
		142BAE4229CF62DD00340B12 /* Practica_SwfitUI_CombineUITests.swift */ = {isa = PBXFileReference; lastKnownFileType = sourcecode.swift; path = Practica_SwfitUI_CombineUITests.swift; sourceTree = "<group>"; };
		142BAE4429CF62DD00340B12 /* Practica_SwfitUI_CombineUITestsLaunchTests.swift */ = {isa = PBXFileReference; lastKnownFileType = sourcecode.swift; path = Practica_SwfitUI_CombineUITestsLaunchTests.swift; sourceTree = "<group>"; };
		142BAE5129CF633300340B12 /* Info.plist */ = {isa = PBXFileReference; lastKnownFileType = text.plist; path = Info.plist; sourceTree = "<group>"; };
		142BAE5829CF64FB00340B12 /* LoginView.swift */ = {isa = PBXFileReference; lastKnownFileType = sourcecode.swift; path = LoginView.swift; sourceTree = "<group>"; };
		142BAE5B29D0374F00340B12 /* RootViewModel.swift */ = {isa = PBXFileReference; lastKnownFileType = sourcecode.swift; path = RootViewModel.swift; sourceTree = "<group>"; };
		142BAE5F29D0376900340B12 /* StatusModel.swift */ = {isa = PBXFileReference; lastKnownFileType = sourcecode.swift; path = StatusModel.swift; sourceTree = "<group>"; };
		142BAE6729D044E800340B12 /* BaseNetwork.swift */ = {isa = PBXFileReference; lastKnownFileType = sourcecode.swift; path = BaseNetwork.swift; sourceTree = "<group>"; };
		142BAE6B29D04D6700340B12 /* HeroModel.swift */ = {isa = PBXFileReference; lastKnownFileType = sourcecode.swift; path = HeroModel.swift; sourceTree = "<group>"; };
		142BAE6F29D0544200340B12 /* RootView.swift */ = {isa = PBXFileReference; lastKnownFileType = sourcecode.swift; path = RootView.swift; sourceTree = "<group>"; };
		142BAE7429D056C500340B12 /* LoaderView.swift */ = {isa = PBXFileReference; lastKnownFileType = sourcecode.swift; path = LoaderView.swift; sourceTree = "<group>"; };
/* End PBXFileReference section */

/* Begin PBXFrameworksBuildPhase section */
		142BAE1C29CF62DB00340B12 /* Frameworks */ = {
			isa = PBXFrameworksBuildPhase;
			buildActionMask = 2147483647;
			files = (
			);
			runOnlyForDeploymentPostprocessing = 0;
		};
		142BAE3129CF62DD00340B12 /* Frameworks */ = {
			isa = PBXFrameworksBuildPhase;
			buildActionMask = 2147483647;
			files = (
				142BAE6529D0400200340B12 /* ViewInspector in Frameworks */,
			);
			runOnlyForDeploymentPostprocessing = 0;
		};
		142BAE3B29CF62DD00340B12 /* Frameworks */ = {
			isa = PBXFrameworksBuildPhase;
			buildActionMask = 2147483647;
			files = (
			);
			runOnlyForDeploymentPostprocessing = 0;
		};
/* End PBXFrameworksBuildPhase section */

/* Begin PBXGroup section */
		142BAE1629CF62DB00340B12 = {
			isa = PBXGroup;
			children = (
				142BAE2129CF62DB00340B12 /* Practica-SwfitUI-Combine */,
				142BAE3729CF62DD00340B12 /* Practica-SwfitUI-CombineTests */,
				142BAE4129CF62DD00340B12 /* Practica-SwfitUI-CombineUITests */,
				142BAE2029CF62DB00340B12 /* Products */,
			);
			sourceTree = "<group>";
		};
		142BAE2029CF62DB00340B12 /* Products */ = {
			isa = PBXGroup;
			children = (
				142BAE1F29CF62DB00340B12 /* Practica-SwfitUI-Combine.app */,
				142BAE3429CF62DD00340B12 /* Practica-SwfitUI-CombineTests.xctest */,
				142BAE3E29CF62DD00340B12 /* Practica-SwfitUI-CombineUITests.xctest */,
			);
			name = Products;
			sourceTree = "<group>";
		};
		142BAE2129CF62DB00340B12 /* Practica-SwfitUI-Combine */ = {
			isa = PBXGroup;
			children = (
				142BAE6629D044D700340B12 /* Services */,
				142BAE5629CF64E100340B12 /* Models */,
				142BAE5429CF64C400340B12 /* ViewModels */,
				142BAE5229CF64AF00340B12 /* Views */,
				142BAE5129CF633300340B12 /* Info.plist */,
				142BAE2229CF62DB00340B12 /* Practica_SwfitUI_CombineApp.swift */,
				142BAE2629CF62DD00340B12 /* Assets.xcassets */,
				142BAE2B29CF62DD00340B12 /* Persistence.swift */,
				142BAE2D29CF62DD00340B12 /* Practica_SwfitUI_Combine.xcdatamodeld */,
				142BAE2829CF62DD00340B12 /* Preview Content */,
			);
			path = "Practica-SwfitUI-Combine";
			sourceTree = "<group>";
		};
		142BAE2829CF62DD00340B12 /* Preview Content */ = {
			isa = PBXGroup;
			children = (
				142BAE2929CF62DD00340B12 /* Preview Assets.xcassets */,
			);
			path = "Preview Content";
			sourceTree = "<group>";
		};
		142BAE3729CF62DD00340B12 /* Practica-SwfitUI-CombineTests */ = {
			isa = PBXGroup;
			children = (
				142BAE3829CF62DD00340B12 /* Practica_SwfitUI_CombineTests.swift */,
			);
			path = "Practica-SwfitUI-CombineTests";
			sourceTree = "<group>";
		};
		142BAE4129CF62DD00340B12 /* Practica-SwfitUI-CombineUITests */ = {
			isa = PBXGroup;
			children = (
				142BAE4229CF62DD00340B12 /* Practica_SwfitUI_CombineUITests.swift */,
				142BAE4429CF62DD00340B12 /* Practica_SwfitUI_CombineUITestsLaunchTests.swift */,
			);
			path = "Practica-SwfitUI-CombineUITests";
			sourceTree = "<group>";
		};
		142BAE5229CF64AF00340B12 /* Views */ = {
			isa = PBXGroup;
			children = (
				142BAE7329D056B700340B12 /* Tools */,
				142BAE6F29D0544200340B12 /* RootView.swift */,
				142BAE5729CF64E900340B12 /* Login */,
			);
			path = Views;
			sourceTree = "<group>";
		};
		142BAE5429CF64C400340B12 /* ViewModels */ = {
			isa = PBXGroup;
			children = (
				142BAE5A29D0365800340B12 /* Main */,
			);
			path = ViewModels;
			sourceTree = "<group>";
		};
		142BAE5629CF64E100340B12 /* Models */ = {
			isa = PBXGroup;
			children = (
				142BAE5F29D0376900340B12 /* StatusModel.swift */,
				142BAE6B29D04D6700340B12 /* HeroModel.swift */,
			);
			path = Models;
			sourceTree = "<group>";
		};
		142BAE5729CF64E900340B12 /* Login */ = {
			isa = PBXGroup;
			children = (
				142BAE5829CF64FB00340B12 /* LoginView.swift */,
			);
			path = Login;
			sourceTree = "<group>";
		};
		142BAE5A29D0365800340B12 /* Main */ = {
			isa = PBXGroup;
			children = (
				142BAE5B29D0374F00340B12 /* RootViewModel.swift */,
			);
			path = Main;
			sourceTree = "<group>";
		};
		142BAE6629D044D700340B12 /* Services */ = {
			isa = PBXGroup;
			children = (
				142BAE6729D044E800340B12 /* BaseNetwork.swift */,
			);
			path = Services;
			sourceTree = "<group>";
		};
		142BAE7329D056B700340B12 /* Tools */ = {
			isa = PBXGroup;
			children = (
				142BAE7429D056C500340B12 /* LoaderView.swift */,
			);
			path = Tools;
			sourceTree = "<group>";
		};
/* End PBXGroup section */

/* Begin PBXNativeTarget section */
		142BAE1E29CF62DB00340B12 /* Practica-SwfitUI-Combine */ = {
			isa = PBXNativeTarget;
			buildConfigurationList = 142BAE4829CF62DD00340B12 /* Build configuration list for PBXNativeTarget "Practica-SwfitUI-Combine" */;
			buildPhases = (
				142BAE1B29CF62DB00340B12 /* Sources */,
				142BAE1C29CF62DB00340B12 /* Frameworks */,
				142BAE1D29CF62DB00340B12 /* Resources */,
			);
			buildRules = (
			);
			dependencies = (
			);
			name = "Practica-SwfitUI-Combine";
			productName = "Practica-SwfitUI-Combine";
			productReference = 142BAE1F29CF62DB00340B12 /* Practica-SwfitUI-Combine.app */;
			productType = "com.apple.product-type.application";
		};
		142BAE3329CF62DD00340B12 /* Practica-SwfitUI-CombineTests */ = {
			isa = PBXNativeTarget;
			buildConfigurationList = 142BAE4B29CF62DD00340B12 /* Build configuration list for PBXNativeTarget "Practica-SwfitUI-CombineTests" */;
			buildPhases = (
				142BAE3029CF62DD00340B12 /* Sources */,
				142BAE3129CF62DD00340B12 /* Frameworks */,
				142BAE3229CF62DD00340B12 /* Resources */,
			);
			buildRules = (
			);
			dependencies = (
				142BAE3629CF62DD00340B12 /* PBXTargetDependency */,
			);
			name = "Practica-SwfitUI-CombineTests";
			packageProductDependencies = (
				142BAE6429D0400200340B12 /* ViewInspector */,
			);
			productName = "Practica-SwfitUI-CombineTests";
			productReference = 142BAE3429CF62DD00340B12 /* Practica-SwfitUI-CombineTests.xctest */;
			productType = "com.apple.product-type.bundle.unit-test";
		};
		142BAE3D29CF62DD00340B12 /* Practica-SwfitUI-CombineUITests */ = {
			isa = PBXNativeTarget;
			buildConfigurationList = 142BAE4E29CF62DD00340B12 /* Build configuration list for PBXNativeTarget "Practica-SwfitUI-CombineUITests" */;
			buildPhases = (
				142BAE3A29CF62DD00340B12 /* Sources */,
				142BAE3B29CF62DD00340B12 /* Frameworks */,
				142BAE3C29CF62DD00340B12 /* Resources */,
			);
			buildRules = (
			);
			dependencies = (
				142BAE4029CF62DD00340B12 /* PBXTargetDependency */,
			);
			name = "Practica-SwfitUI-CombineUITests";
			productName = "Practica-SwfitUI-CombineUITests";
			productReference = 142BAE3E29CF62DD00340B12 /* Practica-SwfitUI-CombineUITests.xctest */;
			productType = "com.apple.product-type.bundle.ui-testing";
		};
/* End PBXNativeTarget section */

/* Begin PBXProject section */
		142BAE1729CF62DB00340B12 /* Project object */ = {
			isa = PBXProject;
			attributes = {
				BuildIndependentTargetsInParallel = 1;
				LastSwiftUpdateCheck = 1420;
				LastUpgradeCheck = 1420;
				TargetAttributes = {
					142BAE1E29CF62DB00340B12 = {
						CreatedOnToolsVersion = 14.2;
					};
					142BAE3329CF62DD00340B12 = {
						CreatedOnToolsVersion = 14.2;
						TestTargetID = 142BAE1E29CF62DB00340B12;
					};
					142BAE3D29CF62DD00340B12 = {
						CreatedOnToolsVersion = 14.2;
						TestTargetID = 142BAE1E29CF62DB00340B12;
					};
				};
			};
			buildConfigurationList = 142BAE1A29CF62DB00340B12 /* Build configuration list for PBXProject "Practica-SwfitUI-Combine" */;
			compatibilityVersion = "Xcode 14.0";
			developmentRegion = en;
			hasScannedForEncodings = 0;
			knownRegions = (
				en,
				Base,
			);
			mainGroup = 142BAE1629CF62DB00340B12;
			packageReferences = (
				142BAE6329D0400200340B12 /* XCRemoteSwiftPackageReference "ViewInspector" */,
			);
			productRefGroup = 142BAE2029CF62DB00340B12 /* Products */;
			projectDirPath = "";
			projectRoot = "";
			targets = (
				142BAE1E29CF62DB00340B12 /* Practica-SwfitUI-Combine */,
				142BAE3329CF62DD00340B12 /* Practica-SwfitUI-CombineTests */,
				142BAE3D29CF62DD00340B12 /* Practica-SwfitUI-CombineUITests */,
			);
		};
/* End PBXProject section */

/* Begin PBXResourcesBuildPhase section */
		142BAE1D29CF62DB00340B12 /* Resources */ = {
			isa = PBXResourcesBuildPhase;
			buildActionMask = 2147483647;
			files = (
				142BAE2A29CF62DD00340B12 /* Preview Assets.xcassets in Resources */,
				142BAE2729CF62DD00340B12 /* Assets.xcassets in Resources */,
			);
			runOnlyForDeploymentPostprocessing = 0;
		};
		142BAE3229CF62DD00340B12 /* Resources */ = {
			isa = PBXResourcesBuildPhase;
			buildActionMask = 2147483647;
			files = (
			);
			runOnlyForDeploymentPostprocessing = 0;
		};
		142BAE3C29CF62DD00340B12 /* Resources */ = {
			isa = PBXResourcesBuildPhase;
			buildActionMask = 2147483647;
			files = (
			);
			runOnlyForDeploymentPostprocessing = 0;
		};
/* End PBXResourcesBuildPhase section */

/* Begin PBXSourcesBuildPhase section */
		142BAE1B29CF62DB00340B12 /* Sources */ = {
			isa = PBXSourcesBuildPhase;
			buildActionMask = 2147483647;
			files = (
				142BAE5C29D0374F00340B12 /* RootViewModel.swift in Sources */,
				142BAE6C29D04D6700340B12 /* HeroModel.swift in Sources */,
				142BAE2C29CF62DD00340B12 /* Persistence.swift in Sources */,
				142BAE2F29CF62DD00340B12 /* Practica_SwfitUI_Combine.xcdatamodeld in Sources */,
				142BAE6029D0376900340B12 /* StatusModel.swift in Sources */,
				142BAE7029D0544200340B12 /* RootView.swift in Sources */,
				142BAE5929CF64FB00340B12 /* LoginView.swift in Sources */,
				142BAE7529D056C500340B12 /* LoaderView.swift in Sources */,
				142BAE2329CF62DB00340B12 /* Practica_SwfitUI_CombineApp.swift in Sources */,
				142BAE6829D044E800340B12 /* BaseNetwork.swift in Sources */,
			);
			runOnlyForDeploymentPostprocessing = 0;
		};
		142BAE3029CF62DD00340B12 /* Sources */ = {
			isa = PBXSourcesBuildPhase;
			buildActionMask = 2147483647;
			files = (
				142BAE6129D0376900340B12 /* StatusModel.swift in Sources */,
				142BAE6929D044E800340B12 /* BaseNetwork.swift in Sources */,
				142BAE7129D0544200340B12 /* RootView.swift in Sources */,
				142BAE7629D056C500340B12 /* LoaderView.swift in Sources */,
				142BAE5D29D0374F00340B12 /* RootViewModel.swift in Sources */,
				142BAE3929CF62DD00340B12 /* Practica_SwfitUI_CombineTests.swift in Sources */,
				142BAE6D29D04D6700340B12 /* HeroModel.swift in Sources */,
			);
			runOnlyForDeploymentPostprocessing = 0;
		};
		142BAE3A29CF62DD00340B12 /* Sources */ = {
			isa = PBXSourcesBuildPhase;
			buildActionMask = 2147483647;
			files = (
				142BAE4329CF62DD00340B12 /* Practica_SwfitUI_CombineUITests.swift in Sources */,
				142BAE6229D0376900340B12 /* StatusModel.swift in Sources */,
				142BAE5E29D0374F00340B12 /* RootViewModel.swift in Sources */,
				142BAE4529CF62DD00340B12 /* Practica_SwfitUI_CombineUITestsLaunchTests.swift in Sources */,
				142BAE7229D0544200340B12 /* RootView.swift in Sources */,
				142BAE7729D056C500340B12 /* LoaderView.swift in Sources */,
				142BAE6A29D044E800340B12 /* BaseNetwork.swift in Sources */,
				142BAE6E29D04D6700340B12 /* HeroModel.swift in Sources */,
			);
			runOnlyForDeploymentPostprocessing = 0;
		};
/* End PBXSourcesBuildPhase section */

/* Begin PBXTargetDependency section */
		142BAE3629CF62DD00340B12 /* PBXTargetDependency */ = {
			isa = PBXTargetDependency;
			target = 142BAE1E29CF62DB00340B12 /* Practica-SwfitUI-Combine */;
			targetProxy = 142BAE3529CF62DD00340B12 /* PBXContainerItemProxy */;
		};
		142BAE4029CF62DD00340B12 /* PBXTargetDependency */ = {
			isa = PBXTargetDependency;
			target = 142BAE1E29CF62DB00340B12 /* Practica-SwfitUI-Combine */;
			targetProxy = 142BAE3F29CF62DD00340B12 /* PBXContainerItemProxy */;
		};
/* End PBXTargetDependency section */

/* Begin XCBuildConfiguration section */
		142BAE4629CF62DD00340B12 /* Debug */ = {
			isa = XCBuildConfiguration;
			buildSettings = {
				ALWAYS_SEARCH_USER_PATHS = NO;
				CLANG_ANALYZER_NONNULL = YES;
				CLANG_ANALYZER_NUMBER_OBJECT_CONVERSION = YES_AGGRESSIVE;
				CLANG_CXX_LANGUAGE_STANDARD = "gnu++20";
				CLANG_ENABLE_MODULES = YES;
				CLANG_ENABLE_OBJC_ARC = YES;
				CLANG_ENABLE_OBJC_WEAK = YES;
				CLANG_WARN_BLOCK_CAPTURE_AUTORELEASING = YES;
				CLANG_WARN_BOOL_CONVERSION = YES;
				CLANG_WARN_COMMA = YES;
				CLANG_WARN_CONSTANT_CONVERSION = YES;
				CLANG_WARN_DEPRECATED_OBJC_IMPLEMENTATIONS = YES;
				CLANG_WARN_DIRECT_OBJC_ISA_USAGE = YES_ERROR;
				CLANG_WARN_DOCUMENTATION_COMMENTS = YES;
				CLANG_WARN_EMPTY_BODY = YES;
				CLANG_WARN_ENUM_CONVERSION = YES;
				CLANG_WARN_INFINITE_RECURSION = YES;
				CLANG_WARN_INT_CONVERSION = YES;
				CLANG_WARN_NON_LITERAL_NULL_CONVERSION = YES;
				CLANG_WARN_OBJC_IMPLICIT_RETAIN_SELF = YES;
				CLANG_WARN_OBJC_LITERAL_CONVERSION = YES;
				CLANG_WARN_OBJC_ROOT_CLASS = YES_ERROR;
				CLANG_WARN_QUOTED_INCLUDE_IN_FRAMEWORK_HEADER = YES;
				CLANG_WARN_RANGE_LOOP_ANALYSIS = YES;
				CLANG_WARN_STRICT_PROTOTYPES = YES;
				CLANG_WARN_SUSPICIOUS_MOVE = YES;
				CLANG_WARN_UNGUARDED_AVAILABILITY = YES_AGGRESSIVE;
				CLANG_WARN_UNREACHABLE_CODE = YES;
				CLANG_WARN__DUPLICATE_METHOD_MATCH = YES;
				COPY_PHASE_STRIP = NO;
				DEBUG_INFORMATION_FORMAT = dwarf;
				ENABLE_STRICT_OBJC_MSGSEND = YES;
				ENABLE_TESTABILITY = YES;
				GCC_C_LANGUAGE_STANDARD = gnu11;
				GCC_DYNAMIC_NO_PIC = NO;
				GCC_NO_COMMON_BLOCKS = YES;
				GCC_OPTIMIZATION_LEVEL = 0;
				GCC_PREPROCESSOR_DEFINITIONS = (
					"DEBUG=1",
					"$(inherited)",
				);
				GCC_WARN_64_TO_32_BIT_CONVERSION = YES;
				GCC_WARN_ABOUT_RETURN_TYPE = YES_ERROR;
				GCC_WARN_UNDECLARED_SELECTOR = YES;
				GCC_WARN_UNINITIALIZED_AUTOS = YES_AGGRESSIVE;
				GCC_WARN_UNUSED_FUNCTION = YES;
				GCC_WARN_UNUSED_VARIABLE = YES;
				IPHONEOS_DEPLOYMENT_TARGET = 16.2;
				MTL_ENABLE_DEBUG_INFO = INCLUDE_SOURCE;
				MTL_FAST_MATH = YES;
				ONLY_ACTIVE_ARCH = YES;
				SDKROOT = iphoneos;
				SWIFT_ACTIVE_COMPILATION_CONDITIONS = DEBUG;
				SWIFT_OPTIMIZATION_LEVEL = "-Onone";
			};
			name = Debug;
		};
		142BAE4729CF62DD00340B12 /* Release */ = {
			isa = XCBuildConfiguration;
			buildSettings = {
				ALWAYS_SEARCH_USER_PATHS = NO;
				CLANG_ANALYZER_NONNULL = YES;
				CLANG_ANALYZER_NUMBER_OBJECT_CONVERSION = YES_AGGRESSIVE;
				CLANG_CXX_LANGUAGE_STANDARD = "gnu++20";
				CLANG_ENABLE_MODULES = YES;
				CLANG_ENABLE_OBJC_ARC = YES;
				CLANG_ENABLE_OBJC_WEAK = YES;
				CLANG_WARN_BLOCK_CAPTURE_AUTORELEASING = YES;
				CLANG_WARN_BOOL_CONVERSION = YES;
				CLANG_WARN_COMMA = YES;
				CLANG_WARN_CONSTANT_CONVERSION = YES;
				CLANG_WARN_DEPRECATED_OBJC_IMPLEMENTATIONS = YES;
				CLANG_WARN_DIRECT_OBJC_ISA_USAGE = YES_ERROR;
				CLANG_WARN_DOCUMENTATION_COMMENTS = YES;
				CLANG_WARN_EMPTY_BODY = YES;
				CLANG_WARN_ENUM_CONVERSION = YES;
				CLANG_WARN_INFINITE_RECURSION = YES;
				CLANG_WARN_INT_CONVERSION = YES;
				CLANG_WARN_NON_LITERAL_NULL_CONVERSION = YES;
				CLANG_WARN_OBJC_IMPLICIT_RETAIN_SELF = YES;
				CLANG_WARN_OBJC_LITERAL_CONVERSION = YES;
				CLANG_WARN_OBJC_ROOT_CLASS = YES_ERROR;
				CLANG_WARN_QUOTED_INCLUDE_IN_FRAMEWORK_HEADER = YES;
				CLANG_WARN_RANGE_LOOP_ANALYSIS = YES;
				CLANG_WARN_STRICT_PROTOTYPES = YES;
				CLANG_WARN_SUSPICIOUS_MOVE = YES;
				CLANG_WARN_UNGUARDED_AVAILABILITY = YES_AGGRESSIVE;
				CLANG_WARN_UNREACHABLE_CODE = YES;
				CLANG_WARN__DUPLICATE_METHOD_MATCH = YES;
				COPY_PHASE_STRIP = NO;
				DEBUG_INFORMATION_FORMAT = "dwarf-with-dsym";
				ENABLE_NS_ASSERTIONS = NO;
				ENABLE_STRICT_OBJC_MSGSEND = YES;
				GCC_C_LANGUAGE_STANDARD = gnu11;
				GCC_NO_COMMON_BLOCKS = YES;
				GCC_WARN_64_TO_32_BIT_CONVERSION = YES;
				GCC_WARN_ABOUT_RETURN_TYPE = YES_ERROR;
				GCC_WARN_UNDECLARED_SELECTOR = YES;
				GCC_WARN_UNINITIALIZED_AUTOS = YES_AGGRESSIVE;
				GCC_WARN_UNUSED_FUNCTION = YES;
				GCC_WARN_UNUSED_VARIABLE = YES;
				IPHONEOS_DEPLOYMENT_TARGET = 16.2;
				MTL_ENABLE_DEBUG_INFO = NO;
				MTL_FAST_MATH = YES;
				SDKROOT = iphoneos;
				SWIFT_COMPILATION_MODE = wholemodule;
				SWIFT_OPTIMIZATION_LEVEL = "-O";
				VALIDATE_PRODUCT = YES;
			};
			name = Release;
		};
		142BAE4929CF62DD00340B12 /* Debug */ = {
			isa = XCBuildConfiguration;
			buildSettings = {
				ASSETCATALOG_COMPILER_APPICON_NAME = AppIcon;
				ASSETCATALOG_COMPILER_GLOBAL_ACCENT_COLOR_NAME = AccentColor;
				CODE_SIGN_STYLE = Automatic;
				CURRENT_PROJECT_VERSION = 1;
				DEVELOPMENT_ASSET_PATHS = "\"Practica-SwfitUI-Combine/Preview Content\"";
				ENABLE_PREVIEWS = YES;
				GENERATE_INFOPLIST_FILE = YES;
				INFOPLIST_FILE = "Practica-SwfitUI-Combine/Info.plist";
				INFOPLIST_KEY_UIApplicationSupportsIndirectInputEvents = YES;
				INFOPLIST_KEY_UILaunchScreen_Generation = YES;
				INFOPLIST_KEY_UISupportedInterfaceOrientations_iPad = "UIInterfaceOrientationPortrait UIInterfaceOrientationPortraitUpsideDown UIInterfaceOrientationLandscapeLeft UIInterfaceOrientationLandscapeRight";
				INFOPLIST_KEY_UISupportedInterfaceOrientations_iPhone = "UIInterfaceOrientationPortrait UIInterfaceOrientationLandscapeLeft UIInterfaceOrientationLandscapeRight";
				LD_RUNPATH_SEARCH_PATHS = (
					"$(inherited)",
					"@executable_path/Frameworks",
				);
				MARKETING_VERSION = 1.0;
				PRODUCT_BUNDLE_IDENTIFIER = "eduaradomartinez.Practica-SwfitUI-Combine";
				PRODUCT_NAME = "$(TARGET_NAME)";
				SWIFT_EMIT_LOC_STRINGS = YES;
				SWIFT_VERSION = 5.0;
				TARGETED_DEVICE_FAMILY = "1,2";
			};
			name = Debug;
		};
		142BAE4A29CF62DD00340B12 /* Release */ = {
			isa = XCBuildConfiguration;
			buildSettings = {
				ASSETCATALOG_COMPILER_APPICON_NAME = AppIcon;
				ASSETCATALOG_COMPILER_GLOBAL_ACCENT_COLOR_NAME = AccentColor;
				CODE_SIGN_STYLE = Automatic;
				CURRENT_PROJECT_VERSION = 1;
				DEVELOPMENT_ASSET_PATHS = "\"Practica-SwfitUI-Combine/Preview Content\"";
				ENABLE_PREVIEWS = YES;
				GENERATE_INFOPLIST_FILE = YES;
				INFOPLIST_FILE = "Practica-SwfitUI-Combine/Info.plist";
				INFOPLIST_KEY_UIApplicationSupportsIndirectInputEvents = YES;
				INFOPLIST_KEY_UILaunchScreen_Generation = YES;
				INFOPLIST_KEY_UISupportedInterfaceOrientations_iPad = "UIInterfaceOrientationPortrait UIInterfaceOrientationPortraitUpsideDown UIInterfaceOrientationLandscapeLeft UIInterfaceOrientationLandscapeRight";
				INFOPLIST_KEY_UISupportedInterfaceOrientations_iPhone = "UIInterfaceOrientationPortrait UIInterfaceOrientationLandscapeLeft UIInterfaceOrientationLandscapeRight";
				LD_RUNPATH_SEARCH_PATHS = (
					"$(inherited)",
					"@executable_path/Frameworks",
				);
				MARKETING_VERSION = 1.0;
				PRODUCT_BUNDLE_IDENTIFIER = "eduaradomartinez.Practica-SwfitUI-Combine";
				PRODUCT_NAME = "$(TARGET_NAME)";
				SWIFT_EMIT_LOC_STRINGS = YES;
				SWIFT_VERSION = 5.0;
				TARGETED_DEVICE_FAMILY = "1,2";
			};
			name = Release;
		};
		142BAE4C29CF62DD00340B12 /* Debug */ = {
			isa = XCBuildConfiguration;
			buildSettings = {
				ALWAYS_EMBED_SWIFT_STANDARD_LIBRARIES = YES;
				BUNDLE_LOADER = "$(TEST_HOST)";
				CODE_SIGN_STYLE = Automatic;
				CURRENT_PROJECT_VERSION = 1;
				GENERATE_INFOPLIST_FILE = YES;
				IPHONEOS_DEPLOYMENT_TARGET = 16.2;
				MARKETING_VERSION = 1.0;
				PRODUCT_BUNDLE_IDENTIFIER = "eduaradomartinez.Practica-SwfitUI-CombineTests";
				PRODUCT_NAME = "$(TARGET_NAME)";
				SWIFT_EMIT_LOC_STRINGS = NO;
				SWIFT_VERSION = 5.0;
				TARGETED_DEVICE_FAMILY = "1,2";
				TEST_HOST = "$(BUILT_PRODUCTS_DIR)/Practica-SwfitUI-Combine.app/$(BUNDLE_EXECUTABLE_FOLDER_PATH)/Practica-SwfitUI-Combine";
			};
			name = Debug;
		};
		142BAE4D29CF62DD00340B12 /* Release */ = {
			isa = XCBuildConfiguration;
			buildSettings = {
				ALWAYS_EMBED_SWIFT_STANDARD_LIBRARIES = YES;
				BUNDLE_LOADER = "$(TEST_HOST)";
				CODE_SIGN_STYLE = Automatic;
				CURRENT_PROJECT_VERSION = 1;
				GENERATE_INFOPLIST_FILE = YES;
				IPHONEOS_DEPLOYMENT_TARGET = 16.2;
				MARKETING_VERSION = 1.0;
				PRODUCT_BUNDLE_IDENTIFIER = "eduaradomartinez.Practica-SwfitUI-CombineTests";
				PRODUCT_NAME = "$(TARGET_NAME)";
				SWIFT_EMIT_LOC_STRINGS = NO;
				SWIFT_VERSION = 5.0;
				TARGETED_DEVICE_FAMILY = "1,2";
				TEST_HOST = "$(BUILT_PRODUCTS_DIR)/Practica-SwfitUI-Combine.app/$(BUNDLE_EXECUTABLE_FOLDER_PATH)/Practica-SwfitUI-Combine";
			};
			name = Release;
		};
		142BAE4F29CF62DD00340B12 /* Debug */ = {
			isa = XCBuildConfiguration;
			buildSettings = {
				ALWAYS_EMBED_SWIFT_STANDARD_LIBRARIES = YES;
				CODE_SIGN_STYLE = Automatic;
				CURRENT_PROJECT_VERSION = 1;
				GENERATE_INFOPLIST_FILE = YES;
				MARKETING_VERSION = 1.0;
				PRODUCT_BUNDLE_IDENTIFIER = "eduaradomartinez.Practica-SwfitUI-CombineUITests";
				PRODUCT_NAME = "$(TARGET_NAME)";
				SWIFT_EMIT_LOC_STRINGS = NO;
				SWIFT_VERSION = 5.0;
				TARGETED_DEVICE_FAMILY = "1,2";
				TEST_TARGET_NAME = "Practica-SwfitUI-Combine";
			};
			name = Debug;
		};
		142BAE5029CF62DD00340B12 /* Release */ = {
			isa = XCBuildConfiguration;
			buildSettings = {
				ALWAYS_EMBED_SWIFT_STANDARD_LIBRARIES = YES;
				CODE_SIGN_STYLE = Automatic;
				CURRENT_PROJECT_VERSION = 1;
				GENERATE_INFOPLIST_FILE = YES;
				MARKETING_VERSION = 1.0;
				PRODUCT_BUNDLE_IDENTIFIER = "eduaradomartinez.Practica-SwfitUI-CombineUITests";
				PRODUCT_NAME = "$(TARGET_NAME)";
				SWIFT_EMIT_LOC_STRINGS = NO;
				SWIFT_VERSION = 5.0;
				TARGETED_DEVICE_FAMILY = "1,2";
				TEST_TARGET_NAME = "Practica-SwfitUI-Combine";
			};
			name = Release;
		};
/* End XCBuildConfiguration section */

/* Begin XCConfigurationList section */
		142BAE1A29CF62DB00340B12 /* Build configuration list for PBXProject "Practica-SwfitUI-Combine" */ = {
			isa = XCConfigurationList;
			buildConfigurations = (
				142BAE4629CF62DD00340B12 /* Debug */,
				142BAE4729CF62DD00340B12 /* Release */,
			);
			defaultConfigurationIsVisible = 0;
			defaultConfigurationName = Release;
		};
		142BAE4829CF62DD00340B12 /* Build configuration list for PBXNativeTarget "Practica-SwfitUI-Combine" */ = {
			isa = XCConfigurationList;
			buildConfigurations = (
				142BAE4929CF62DD00340B12 /* Debug */,
				142BAE4A29CF62DD00340B12 /* Release */,
			);
			defaultConfigurationIsVisible = 0;
			defaultConfigurationName = Release;
		};
		142BAE4B29CF62DD00340B12 /* Build configuration list for PBXNativeTarget "Practica-SwfitUI-CombineTests" */ = {
			isa = XCConfigurationList;
			buildConfigurations = (
				142BAE4C29CF62DD00340B12 /* Debug */,
				142BAE4D29CF62DD00340B12 /* Release */,
			);
			defaultConfigurationIsVisible = 0;
			defaultConfigurationName = Release;
		};
		142BAE4E29CF62DD00340B12 /* Build configuration list for PBXNativeTarget "Practica-SwfitUI-CombineUITests" */ = {
			isa = XCConfigurationList;
			buildConfigurations = (
				142BAE4F29CF62DD00340B12 /* Debug */,
				142BAE5029CF62DD00340B12 /* Release */,
			);
			defaultConfigurationIsVisible = 0;
			defaultConfigurationName = Release;
		};
/* End XCConfigurationList section */

/* Begin XCRemoteSwiftPackageReference section */
		142BAE6329D0400200340B12 /* XCRemoteSwiftPackageReference "ViewInspector" */ = {
			isa = XCRemoteSwiftPackageReference;
			repositoryURL = "https://github.com/nalexn/ViewInspector";
			requirement = {
				branch = 0.9.6;
				kind = branch;
			};
		};
/* End XCRemoteSwiftPackageReference section */

/* Begin XCSwiftPackageProductDependency section */
		142BAE6429D0400200340B12 /* ViewInspector */ = {
			isa = XCSwiftPackageProductDependency;
			package = 142BAE6329D0400200340B12 /* XCRemoteSwiftPackageReference "ViewInspector" */;
			productName = ViewInspector;
		};
/* End XCSwiftPackageProductDependency section */

/* Begin XCVersionGroup section */
		142BAE2D29CF62DD00340B12 /* Practica_SwfitUI_Combine.xcdatamodeld */ = {
			isa = XCVersionGroup;
			children = (
				142BAE2E29CF62DD00340B12 /* Practica_SwfitUI_Combine.xcdatamodel */,
			);
			currentVersion = 142BAE2E29CF62DD00340B12 /* Practica_SwfitUI_Combine.xcdatamodel */;
			path = Practica_SwfitUI_Combine.xcdatamodeld;
			sourceTree = "<group>";
			versionGroupType = wrapper.xcdatamodel;
		};
/* End XCVersionGroup section */
	};
	rootObject = 142BAE1729CF62DB00340B12 /* Project object */;
}
